
Microsoft Visual Studio Solution File, Format Version 12.00
# Visual Studio Version 17
VisualStudioVersion = 17.7.34031.279
MinimumVisualStudioVersion = 10.0.40219.1
Project("{9A19103F-16F7-4668-BE54-9A1E7A4F7556}") = "SmartStudy", "SmartStudy.csproj", "{7F17FFB7-6A1D-413A-8562-E8385CE6850B}"
EndProject
Global
	GlobalSection(SolutionConfigurationPlatforms) = preSolution
		Debug|Any CPU = Debug|Any CPU
		Release|Any CPU = Release|Any CPU
	EndGlobalSection
	GlobalSection(ProjectConfigurationPlatforms) = postSolution
		{7F17FFB7-6A1D-413A-8562-E8385CE6850B}.Debug|Any CPU.ActiveCfg = Debug|Any CPU
		{7F17FFB7-6A1D-413A-8562-E8385CE6850B}.Debug|Any CPU.Build.0 = Debug|Any CPU
		{7F17FFB7-6A1D-413A-8562-E8385CE6850B}.Debug|Any CPU.Deploy.0 = Debug|Any CPU
		{7F17FFB7-6A1D-413A-8562-E8385CE6850B}.Release|Any CPU.ActiveCfg = Release|Any CPU
		{7F17FFB7-6A1D-413A-8562-E8385CE6850B}.Release|Any CPU.Build.0 = Release|Any CPU
		{7F17FFB7-6A1D-413A-8562-E8385CE6850B}.Release|Any CPU.Deploy.0 = Release|Any CPU
	EndGlobalSection
	GlobalSection(SolutionProperties) = preSolution
		HideSolutionNode = FALSE
	EndGlobalSection
	GlobalSection(ExtensibilityGlobals) = postSolution
		SolutionGuid = {C244C19E-CD86-484A-BFC7-0069720315A1}
	EndGlobalSection
EndGlobal
